Microsoft Visual Studio Solution File, Format Version 12.00
# Visual Studio Version 17
VisualStudioVersion = 17.5.2.0
MinimumVisualStudioVersion = 10.0.40219.1
Project("{FAE04EC0-301F-11D3-BF4B-00C04F79EFBC}") = "MateIn84", "MateIn84\MateIn84.csproj", "{D3FA7BAA-F0E6-3047-268C-5428DDD868A6}"
EndProject
Project("{FAE04EC0-301F-11D3-BF4B-00C04F79EFBC}") = "GfEngine", "GfEngine\GfEngine.csproj", "{407DA68C-CD69-8F00-F5D5-0931B7402A96}"
EndProject
Global
	GlobalSection(SolutionConfigurationPlatforms) = preSolution
		Debug|Any CPU = Debug|Any CPU
		Release|Any CPU = Release|Any CPU
	EndGlobalSection
	GlobalSection(ProjectConfigurationPlatforms) = postSolution
		{D3FA7BAA-F0E6-3047-268C-5428DDD868A6}.Debug|Any CPU.ActiveCfg = Debug|Any CPU
		{D3FA7BAA-F0E6-3047-268C-5428DDD868A6}.Debug|Any CPU.Build.0 = Debug|Any CPU
		{D3FA7BAA-F0E6-3047-268C-5428DDD868A6}.Release|Any CPU.ActiveCfg = Release|Any CPU
		{D3FA7BAA-F0E6-3047-268C-5428DDD868A6}.Release|Any CPU.Build.0 = Release|Any CPU
		{407DA68C-CD69-8F00-F5D5-0931B7402A96}.Debug|Any CPU.ActiveCfg = Debug|Any CPU
		{407DA68C-CD69-8F00-F5D5-0931B7402A96}.Debug|Any CPU.Build.0 = Debug|Any CPU
		{407DA68C-CD69-8F00-F5D5-0931B7402A96}.Release|Any CPU.ActiveCfg = Release|Any CPU
		{407DA68C-CD69-8F00-F5D5-0931B7402A96}.Release|Any CPU.Build.0 = Release|Any CPU
	EndGlobalSection
	GlobalSection(SolutionProperties) = preSolution
		HideSolutionNode = FALSE
	EndGlobalSection
	GlobalSection(ExtensibilityGlobals) = postSolution
		SolutionGuid = {71A73228-D1E9-4837-AECC-22172D6790D9}
	EndGlobalSection
EndGlobal
